
Microsoft Visual Studio Solution File, Format Version 12.00
# Visual Studio Version 17
VisualStudioVersion = 17.1.32210.238
MinimumVisualStudioVersion = 10.0.40219.1
Project("{FAE04EC0-301F-11D3-BF4B-00C04F79EFBC}") = "JugnesStore", "JugnesStore\JugnesStore.csproj", "{E21FD90F-4F9F-4461-9A98-CDA01A582B19}"
EndProject
Global
	GlobalSection(SolutionConfigurationPlatforms) = preSolution
		Debug|Any CPU = Debug|Any CPU
		Release|Any CPU = Release|Any CPU
	EndGlobalSection
	GlobalSection(ProjectConfigurationPlatforms) = postSolution
		{E21FD90F-4F9F-4461-9A98-CDA01A582B19}.Debug|Any CPU.ActiveCfg = Debug|Any CPU
		{E21FD90F-4F9F-4461-9A98-CDA01A582B19}.Debug|Any CPU.Build.0 = Debug|Any CPU
		{E21FD90F-4F9F-4461-9A98-CDA01A582B19}.Release|Any CPU.ActiveCfg = Release|Any CPU
		{E21FD90F-4F9F-4461-9A98-CDA01A582B19}.Release|Any CPU.Build.0 = Release|Any CPU
	EndGlobalSection
	GlobalSection(SolutionProperties) = preSolution
		HideSolutionNode = FALSE
	EndGlobalSection
	GlobalSection(ExtensibilityGlobals) = postSolution
		SolutionGuid = {3BBFD561-D90B-4132-9C2E-E6B5B1C13FE3}
	EndGlobalSection
EndGlobal
